// !$*UTF8*$!
{
	archiveVersion = 1;
	classes = {
	};
	objectVersion = 56;
	objects = {

/* Begin PBXBuildFile section */
		DA0427212BF8FA89005BD747 /* Nano_2_App_NewApp.swift in Sources */ = {isa = PBXBuildFile; fileRef = DA0427202BF8FA89005BD747 /* Nano_2_App_NewApp.swift */; };
		DA0427232BF8FA89005BD747 /* ContentView.swift in Sources */ = {isa = PBXBuildFile; fileRef = DA0427222BF8FA89005BD747 /* ContentView.swift */; };
		DA0427252BF8FA8A005BD747 /* Assets.xcassets in Resources */ = {isa = PBXBuildFile; fileRef = DA0427242BF8FA8A005BD747 /* Assets.xcassets */; };
		DA0427282BF8FA8A005BD747 /* Preview Assets.xcassets in Resources */ = {isa = PBXBuildFile; fileRef = DA0427272BF8FA8A005BD747 /* Preview Assets.xcassets */; };
		DA0427592BFB5093005BD747 /* CameraSetup.swift in Sources */ = {isa = PBXBuildFile; fileRef = DA0427582BFB5093005BD747 /* CameraSetup.swift */; };
		DA296E672BFBA27400CD283F /* TextRecognition.swift in Sources */ = {isa = PBXBuildFile; fileRef = DA296E662BFBA27400CD283F /* TextRecognition.swift */; };
		DA296E692BFBB15A00CD283F /* SpeechSynthesizer.swift in Sources */ = {isa = PBXBuildFile; fileRef = DA296E682BFBB15A00CD283F /* SpeechSynthesizer.swift */; };
		DA296E6D2BFC4B1A00CD283F /* ObjectDetection.swift in Sources */ = {isa = PBXBuildFile; fileRef = DA296E6C2BFC4B1A00CD283F /* ObjectDetection.swift */; };
		DA296E6F2BFC4BB700CD283F /* YOLOv3Int8LUT.mlmodel in Sources */ = {isa = PBXBuildFile; fileRef = DA296E6E2BFC4BB700CD283F /* YOLOv3Int8LUT.mlmodel */; };
		DA296E8C2BFF92FF00CD283F /* FeatureButton.swift in Sources */ = {isa = PBXBuildFile; fileRef = DA296E8B2BFF92FF00CD283F /* FeatureButton.swift */; };
		DA296E8E2BFF934D00CD283F /* PlayStopButton.swift in Sources */ = {isa = PBXBuildFile; fileRef = DA296E8D2BFF934D00CD283F /* PlayStopButton.swift */; };
		DA296E902BFF938400CD283F /* SelectedFeature.swift in Sources */ = {isa = PBXBuildFile; fileRef = DA296E8F2BFF938400CD283F /* SelectedFeature.swift */; };
		DA296E942BFF985900CD283F /* SectionView.swift in Sources */ = {isa = PBXBuildFile; fileRef = DA296E932BFF985900CD283F /* SectionView.swift */; };
/* End PBXBuildFile section */

/* Begin PBXFileReference section */
		DA04271D2BF8FA89005BD747 /* Nano 2 App New.app */ = {isa = PBXFileReference; explicitFileType = wrapper.application; includeInIndex = 0; path = "Nano 2 App New.app"; sourceTree = BUILT_PRODUCTS_DIR; };
		DA0427202BF8FA89005BD747 /* Nano_2_App_NewApp.swift */ = {isa = PBXFileReference; lastKnownFileType = sourcecode.swift; path = Nano_2_App_NewApp.swift; sourceTree = "<group>"; };
		DA0427222BF8FA89005BD747 /* ContentView.swift */ = {isa = PBXFileReference; lastKnownFileType = sourcecode.swift; path = ContentView.swift; sourceTree = "<group>"; };
		DA0427242BF8FA8A005BD747 /* Assets.xcassets */ = {isa = PBXFileReference; lastKnownFileType = folder.assetcatalog; path = Assets.xcassets; sourceTree = "<group>"; };
		DA0427272BF8FA8A005BD747 /* Preview Assets.xcassets */ = {isa = PBXFileReference; lastKnownFileType = folder.assetcatalog; path = "Preview Assets.xcassets"; sourceTree = "<group>"; };
		DA0427582BFB5093005BD747 /* CameraSetup.swift */ = {isa = PBXFileReference; fileEncoding = 4; lastKnownFileType = sourcecode.swift; path = CameraSetup.swift; sourceTree = "<group>"; };
		DA296E662BFBA27400CD283F /* TextRecognition.swift */ = {isa = PBXFileReference; lastKnownFileType = sourcecode.swift; path = TextRecognition.swift; sourceTree = "<group>"; };
		DA296E682BFBB15A00CD283F /* SpeechSynthesizer.swift */ = {isa = PBXFileReference; lastKnownFileType = sourcecode.swift; path = SpeechSynthesizer.swift; sourceTree = "<group>"; };
		DA296E6C2BFC4B1A00CD283F /* ObjectDetection.swift */ = {isa = PBXFileReference; lastKnownFileType = sourcecode.swift; path = ObjectDetection.swift; sourceTree = "<group>"; };
		DA296E6E2BFC4BB700CD283F /* YOLOv3Int8LUT.mlmodel */ = {isa = PBXFileReference; lastKnownFileType = file.mlmodel; path = YOLOv3Int8LUT.mlmodel; sourceTree = "<group>"; };
		DA296E8B2BFF92FF00CD283F /* FeatureButton.swift */ = {isa = PBXFileReference; lastKnownFileType = sourcecode.swift; path = FeatureButton.swift; sourceTree = "<group>"; };
		DA296E8D2BFF934D00CD283F /* PlayStopButton.swift */ = {isa = PBXFileReference; lastKnownFileType = sourcecode.swift; path = PlayStopButton.swift; sourceTree = "<group>"; };
		DA296E8F2BFF938400CD283F /* SelectedFeature.swift */ = {isa = PBXFileReference; lastKnownFileType = sourcecode.swift; path = SelectedFeature.swift; sourceTree = "<group>"; };
		DA296E932BFF985900CD283F /* SectionView.swift */ = {isa = PBXFileReference; lastKnownFileType = sourcecode.swift; path = SectionView.swift; sourceTree = "<group>"; };
/* End PBXFileReference section */

/* Begin PBXFrameworksBuildPhase section */
		DA04271A2BF8FA89005BD747 /* Frameworks */ = {
			isa = PBXFrameworksBuildPhase;
			buildActionMask = 2147483647;
			files = (
			);
			runOnlyForDeploymentPostprocessing = 0;
		};
/* End PBXFrameworksBuildPhase section */

/* Begin PBXGroup section */
		DA0427142BF8FA89005BD747 = {
			isa = PBXGroup;
			children = (
				DA04271F2BF8FA89005BD747 /* Nano 2 App New */,
				DA04271E2BF8FA89005BD747 /* Products */,
			);
			sourceTree = "<group>";
		};
		DA04271E2BF8FA89005BD747 /* Products */ = {
			isa = PBXGroup;
			children = (
				DA04271D2BF8FA89005BD747 /* Nano 2 App New.app */,
			);
			name = Products;
			sourceTree = "<group>";
		};
		DA04271F2BF8FA89005BD747 /* Nano 2 App New */ = {
			isa = PBXGroup;
			children = (
				DA0427202BF8FA89005BD747 /* Nano_2_App_NewApp.swift */,
				DA296E6E2BFC4BB700CD283F /* YOLOv3Int8LUT.mlmodel */,
				DA296E882BFF92A600CD283F /* Screens */,
				DA296E872BFF929D00CD283F /* Components */,
				DA2A2A6A2BFFA3B000FA9560 /* Services */,
				DA296E862BFF928A00CD283F /* Helper */,
				DA0427242BF8FA8A005BD747 /* Assets.xcassets */,
				DA0427262BF8FA8A005BD747 /* Preview Content */,
			);
			path = "Nano 2 App New";
			sourceTree = "<group>";
		};
		DA0427262BF8FA8A005BD747 /* Preview Content */ = {
			isa = PBXGroup;
			children = (
				DA0427272BF8FA8A005BD747 /* Preview Assets.xcassets */,
			);
			path = "Preview Content";
			sourceTree = "<group>";
		};
		DA296E862BFF928A00CD283F /* Helper */ = {
			isa = PBXGroup;
			children = (
				DA296E8F2BFF938400CD283F /* SelectedFeature.swift */,
			);
			path = Helper;
			sourceTree = "<group>";
		};
		DA296E872BFF929D00CD283F /* Components */ = {
			isa = PBXGroup;
			children = (
				DA296E932BFF985900CD283F /* SectionView.swift */,
				DA296E8D2BFF934D00CD283F /* PlayStopButton.swift */,
				DA296E8B2BFF92FF00CD283F /* FeatureButton.swift */,
			);
			path = Components;
			sourceTree = "<group>";
		};
		DA296E882BFF92A600CD283F /* Screens */ = {
			isa = PBXGroup;
			children = (
				DA0427222BF8FA89005BD747 /* ContentView.swift */,
			);
			path = Screens;
			sourceTree = "<group>";
		};
		DA2A2A6A2BFFA3B000FA9560 /* Services */ = {
			isa = PBXGroup;
			children = (
				DA0427582BFB5093005BD747 /* CameraSetup.swift */,
				DA296E662BFBA27400CD283F /* TextRecognition.swift */,
				DA296E6C2BFC4B1A00CD283F /* ObjectDetection.swift */,
				DA296E682BFBB15A00CD283F /* SpeechSynthesizer.swift */,
			);
			path = Services;
			sourceTree = "<group>";
		};
/* End PBXGroup section */

/* Begin PBXNativeTarget section */
		DA04271C2BF8FA89005BD747 /* Nano 2 App New */ = {
			isa = PBXNativeTarget;
			buildConfigurationList = DA04272B2BF8FA8A005BD747 /* Build configuration list for PBXNativeTarget "Nano 2 App New" */;
			buildPhases = (
				DA0427192BF8FA89005BD747 /* Sources */,
				DA04271A2BF8FA89005BD747 /* Frameworks */,
				DA04271B2BF8FA89005BD747 /* Resources */,
			);
			buildRules = (
			);
			dependencies = (
			);
			name = "Nano 2 App New";
			productName = "Nano 2 App New";
			productReference = DA04271D2BF8FA89005BD747 /* Nano 2 App New.app */;
			productType = "com.apple.product-type.application";
		};
/* End PBXNativeTarget section */

/* Begin PBXProject section */
		DA0427152BF8FA89005BD747 /* Project object */ = {
			isa = PBXProject;
			attributes = {
				BuildIndependentTargetsInParallel = 1;
				LastSwiftUpdateCheck = 1520;
				LastUpgradeCheck = 1520;
				TargetAttributes = {
					DA04271C2BF8FA89005BD747 = {
						CreatedOnToolsVersion = 15.2;
					};
				};
			};
			buildConfigurationList = DA0427182BF8FA89005BD747 /* Build configuration list for PBXProject "Nano 2 App New" */;
			compatibilityVersion = "Xcode 14.0";
			developmentRegion = en;
			hasScannedForEncodings = 0;
			knownRegions = (
				en,
				Base,
			);
			mainGroup = DA0427142BF8FA89005BD747;
			productRefGroup = DA04271E2BF8FA89005BD747 /* Products */;
			projectDirPath = "";
			projectRoot = "";
			targets = (
				DA04271C2BF8FA89005BD747 /* Nano 2 App New */,
			);
		};
/* End PBXProject section */

/* Begin PBXResourcesBuildPhase section */
		DA04271B2BF8FA89005BD747 /* Resources */ = {
			isa = PBXResourcesBuildPhase;
			buildActionMask = 2147483647;
			files = (
				DA0427282BF8FA8A005BD747 /* Preview Assets.xcassets in Resources */,
				DA0427252BF8FA8A005BD747 /* Assets.xcassets in Resources */,
			);
			runOnlyForDeploymentPostprocessing = 0;
		};
/* End PBXResourcesBuildPhase section */

/* Begin PBXSourcesBuildPhase section */
		DA0427192BF8FA89005BD747 /* Sources */ = {
			isa = PBXSourcesBuildPhase;
			buildActionMask = 2147483647;
			files = (
				DA296E902BFF938400CD283F /* SelectedFeature.swift in Sources */,
				DA296E6D2BFC4B1A00CD283F /* ObjectDetection.swift in Sources */,
				DA0427232BF8FA89005BD747 /* ContentView.swift in Sources */,
				DA0427592BFB5093005BD747 /* CameraSetup.swift in Sources */,
				DA296E672BFBA27400CD283F /* TextRecognition.swift in Sources */,
				DA296E942BFF985900CD283F /* SectionView.swift in Sources */,
				DA296E8E2BFF934D00CD283F /* PlayStopButton.swift in Sources */,
				DA296E6F2BFC4BB700CD283F /* YOLOv3Int8LUT.mlmodel in Sources */,
				DA296E692BFBB15A00CD283F /* SpeechSynthesizer.swift in Sources */,
				DA0427212BF8FA89005BD747 /* Nano_2_App_NewApp.swift in Sources */,
				DA296E8C2BFF92FF00CD283F /* FeatureButton.swift in Sources */,
			);
			runOnlyForDeploymentPostprocessing = 0;
		};
/* End PBXSourcesBuildPhase section */

/* Begin XCBuildConfiguration section */
		DA0427292BF8FA8A005BD747 /* Debug */ = {
			isa = XCBuildConfiguration;
			buildSettings = {
				ALWAYS_SEARCH_USER_PATHS = NO;
				ASSETCATALOG_COMPILER_GENERATE_SWIFT_ASSET_SYMBOL_EXTENSIONS = YES;
				CLANG_ANALYZER_NONNULL = YES;
				CLANG_ANALYZER_NUMBER_OBJECT_CONVERSION = YES_AGGRESSIVE;
				CLANG_CXX_LANGUAGE_STANDARD = "gnu++20";
				CLANG_ENABLE_MODULES = YES;
				CLANG_ENABLE_OBJC_ARC = YES;
				CLANG_ENABLE_OBJC_WEAK = YES;
				CLANG_WARN_BLOCK_CAPTURE_AUTORELEASING = YES;
				CLANG_WARN_BOOL_CONVERSION = YES;
				CLANG_WARN_COMMA = YES;
				CLANG_WARN_CONSTANT_CONVERSION = YES;
				CLANG_WARN_DEPRECATED_OBJC_IMPLEMENTATIONS = YES;
				CLANG_WARN_DIRECT_OBJC_ISA_USAGE = YES_ERROR;
				CLANG_WARN_DOCUMENTATION_COMMENTS = YES;
				CLANG_WARN_EMPTY_BODY = YES;
				CLANG_WARN_ENUM_CONVERSION = YES;
				CLANG_WARN_INFINITE_RECURSION = YES;
				CLANG_WARN_INT_CONVERSION = YES;
				CLANG_WARN_NON_LITERAL_NULL_CONVERSION = YES;
				CLANG_WARN_OBJC_IMPLICIT_RETAIN_SELF = YES;
				CLANG_WARN_OBJC_LITERAL_CONVERSION = YES;
				CLANG_WARN_OBJC_ROOT_CLASS = YES_ERROR;
				CLANG_WARN_QUOTED_INCLUDE_IN_FRAMEWORK_HEADER = YES;
				CLANG_WARN_RANGE_LOOP_ANALYSIS = YES;
				CLANG_WARN_STRICT_PROTOTYPES = YES;
				CLANG_WARN_SUSPICIOUS_MOVE = YES;
				CLANG_WARN_UNGUARDED_AVAILABILITY = YES_AGGRESSIVE;
				CLANG_WARN_UNREACHABLE_CODE = YES;
				CLANG_WARN__DUPLICATE_METHOD_MATCH = YES;
				COPY_PHASE_STRIP = NO;
				DEBUG_INFORMATION_FORMAT = dwarf;
				ENABLE_STRICT_OBJC_MSGSEND = YES;
				ENABLE_TESTABILITY = YES;
				ENABLE_USER_SCRIPT_SANDBOXING = YES;
				GCC_C_LANGUAGE_STANDARD = gnu17;
				GCC_DYNAMIC_NO_PIC = NO;
				GCC_NO_COMMON_BLOCKS = YES;
				GCC_OPTIMIZATION_LEVEL = 0;
				GCC_PREPROCESSOR_DEFINITIONS = (
					"DEBUG=1",
					"$(inherited)",
				);
				GCC_WARN_64_TO_32_BIT_CONVERSION = YES;
				GCC_WARN_ABOUT_RETURN_TYPE = YES_ERROR;
				GCC_WARN_UNDECLARED_SELECTOR = YES;
				GCC_WARN_UNINITIALIZED_AUTOS = YES_AGGRESSIVE;
				GCC_WARN_UNUSED_FUNCTION = YES;
				GCC_WARN_UNUSED_VARIABLE = YES;
				IPHONEOS_DEPLOYMENT_TARGET = 16.6;
				LOCALIZATION_PREFERS_STRING_CATALOGS = YES;
				MTL_ENABLE_DEBUG_INFO = INCLUDE_SOURCE;
				MTL_FAST_MATH = YES;
				ONLY_ACTIVE_ARCH = YES;
				SDKROOT = iphoneos;
				SWIFT_ACTIVE_COMPILATION_CONDITIONS = "DEBUG $(inherited)";
				SWIFT_OPTIMIZATION_LEVEL = "-Onone";
			};
			name = Debug;
		};
		DA04272A2BF8FA8A005BD747 /* Release */ = {
			isa = XCBuildConfiguration;
			buildSettings = {
				ALWAYS_SEARCH_USER_PATHS = NO;
				ASSETCATALOG_COMPILER_GENERATE_SWIFT_ASSET_SYMBOL_EXTENSIONS = YES;
				CLANG_ANALYZER_NONNULL = YES;
				CLANG_ANALYZER_NUMBER_OBJECT_CONVERSION = YES_AGGRESSIVE;
				CLANG_CXX_LANGUAGE_STANDARD = "gnu++20";
				CLANG_ENABLE_MODULES = YES;
				CLANG_ENABLE_OBJC_ARC = YES;
				CLANG_ENABLE_OBJC_WEAK = YES;
				CLANG_WARN_BLOCK_CAPTURE_AUTORELEASING = YES;
				CLANG_WARN_BOOL_CONVERSION = YES;
				CLANG_WARN_COMMA = YES;
				CLANG_WARN_CONSTANT_CONVERSION = YES;
				CLANG_WARN_DEPRECATED_OBJC_IMPLEMENTATIONS = YES;
				CLANG_WARN_DIRECT_OBJC_ISA_USAGE = YES_ERROR;
				CLANG_WARN_DOCUMENTATION_COMMENTS = YES;
				CLANG_WARN_EMPTY_BODY = YES;
				CLANG_WARN_ENUM_CONVERSION = YES;
				CLANG_WARN_INFINITE_RECURSION = YES;
				CLANG_WARN_INT_CONVERSION = YES;
				CLANG_WARN_NON_LITERAL_NULL_CONVERSION = YES;
				CLANG_WARN_OBJC_IMPLICIT_RETAIN_SELF = YES;
				CLANG_WARN_OBJC_LITERAL_CONVERSION = YES;
				CLANG_WARN_OBJC_ROOT_CLASS = YES_ERROR;
				CLANG_WARN_QUOTED_INCLUDE_IN_FRAMEWORK_HEADER = YES;
				CLANG_WARN_RANGE_LOOP_ANALYSIS = YES;
				CLANG_WARN_STRICT_PROTOTYPES = YES;
				CLANG_WARN_SUSPICIOUS_MOVE = YES;
				CLANG_WARN_UNGUARDED_AVAILABILITY = YES_AGGRESSIVE;
				CLANG_WARN_UNREACHABLE_CODE = YES;
				CLANG_WARN__DUPLICATE_METHOD_MATCH = YES;
				COPY_PHASE_STRIP = NO;
				DEBUG_INFORMATION_FORMAT = "dwarf-with-dsym";
				ENABLE_NS_ASSERTIONS = NO;
				ENABLE_STRICT_OBJC_MSGSEND = YES;
				ENABLE_USER_SCRIPT_SANDBOXING = YES;
				GCC_C_LANGUAGE_STANDARD = gnu17;
				GCC_NO_COMMON_BLOCKS = YES;
				GCC_WARN_64_TO_32_BIT_CONVERSION = YES;
				GCC_WARN_ABOUT_RETURN_TYPE = YES_ERROR;
				GCC_WARN_UNDECLARED_SELECTOR = YES;
				GCC_WARN_UNINITIALIZED_AUTOS = YES_AGGRESSIVE;
				GCC_WARN_UNUSED_FUNCTION = YES;
				GCC_WARN_UNUSED_VARIABLE = YES;
				IPHONEOS_DEPLOYMENT_TARGET = 16.6;
				LOCALIZATION_PREFERS_STRING_CATALOGS = YES;
				MTL_ENABLE_DEBUG_INFO = NO;
				MTL_FAST_MATH = YES;
				SDKROOT = iphoneos;
				SWIFT_COMPILATION_MODE = wholemodule;
				VALIDATE_PRODUCT = YES;
			};
			name = Release;
		};
		DA04272C2BF8FA8A005BD747 /* Debug */ = {
			isa = XCBuildConfiguration;
			buildSettings = {
				ASSETCATALOG_COMPILER_APPICON_NAME = AppIcon;
				ASSETCATALOG_COMPILER_GLOBAL_ACCENT_COLOR_NAME = AccentColor;
				CODE_SIGN_STYLE = Automatic;
				CURRENT_PROJECT_VERSION = 1;
				DEVELOPMENT_ASSET_PATHS = "\"Nano 2 App New/Preview Content\"";
				DEVELOPMENT_TEAM = 9UQ7N78T5D;
				ENABLE_PREVIEWS = YES;
				GENERATE_INFOPLIST_FILE = YES;
				INFOPLIST_KEY_NSCameraUsageDescription = "We need access to your camera to read text for you.";
				INFOPLIST_KEY_UIApplicationSceneManifest_Generation = YES;
				INFOPLIST_KEY_UIApplicationSupportsIndirectInputEvents = YES;
				INFOPLIST_KEY_UILaunchScreen_Generation = YES;
				INFOPLIST_KEY_UISupportedInterfaceOrientations_iPad = "UIInterfaceOrientationPortrait UIInterfaceOrientationPortraitUpsideDown UIInterfaceOrientationLandscapeLeft UIInterfaceOrientationLandscapeRight";
				INFOPLIST_KEY_UISupportedInterfaceOrientations_iPhone = "UIInterfaceOrientationPortrait UIInterfaceOrientationLandscapeLeft UIInterfaceOrientationLandscapeRight";
				LD_RUNPATH_SEARCH_PATHS = (
					"$(inherited)",
					"@executable_path/Frameworks",
				);
				MARKETING_VERSION = 1.0;
				PRODUCT_BUNDLE_IDENTIFIER = "Michelle.Nano-2-App-New";
				PRODUCT_NAME = "$(TARGET_NAME)";
				SWIFT_EMIT_LOC_STRINGS = YES;
				SWIFT_VERSION = 5.0;
				TARGETED_DEVICE_FAMILY = "1,2";
			};
			name = Debug;
		};
		DA04272D2BF8FA8A005BD747 /* Release */ = {
			isa = XCBuildConfiguration;
			buildSettings = {
				ASSETCATALOG_COMPILER_APPICON_NAME = AppIcon;
				ASSETCATALOG_COMPILER_GLOBAL_ACCENT_COLOR_NAME = AccentColor;
				CODE_SIGN_STYLE = Automatic;
				CURRENT_PROJECT_VERSION = 1;
				DEVELOPMENT_ASSET_PATHS = "\"Nano 2 App New/Preview Content\"";
				DEVELOPMENT_TEAM = 9UQ7N78T5D;
				ENABLE_PREVIEWS = YES;
				GENERATE_INFOPLIST_FILE = YES;
				INFOPLIST_KEY_NSCameraUsageDescription = "We need access to your camera to read text for you.";
				INFOPLIST_KEY_UIApplicationSceneManifest_Generation = YES;
				INFOPLIST_KEY_UIApplicationSupportsIndirectInputEvents = YES;
				INFOPLIST_KEY_UILaunchScreen_Generation = YES;
				INFOPLIST_KEY_UISupportedInterfaceOrientations_iPad = "UIInterfaceOrientationPortrait UIInterfaceOrientationPortraitUpsideDown UIInterfaceOrientationLandscapeLeft UIInterfaceOrientationLandscapeRight";
				INFOPLIST_KEY_UISupportedInterfaceOrientations_iPhone = "UIInterfaceOrientationPortrait UIInterfaceOrientationLandscapeLeft UIInterfaceOrientationLandscapeRight";
				LD_RUNPATH_SEARCH_PATHS = (
					"$(inherited)",
					"@executable_path/Frameworks",
				);
				MARKETING_VERSION = 1.0;
				PRODUCT_BUNDLE_IDENTIFIER = "Michelle.Nano-2-App-New";
				PRODUCT_NAME = "$(TARGET_NAME)";
				SWIFT_EMIT_LOC_STRINGS = YES;
				SWIFT_VERSION = 5.0;
				TARGETED_DEVICE_FAMILY = "1,2";
			};
			name = Release;
		};
/* End XCBuildConfiguration section */

/* Begin XCConfigurationList section */
		DA0427182BF8FA89005BD747 /* Build configuration list for PBXProject "Nano 2 App New" */ = {
			isa = XCConfigurationList;
			buildConfigurations = (
				DA0427292BF8FA8A005BD747 /* Debug */,
				DA04272A2BF8FA8A005BD747 /* Release */,
			);
			defaultConfigurationIsVisible = 0;
			defaultConfigurationName = Release;
		};
		DA04272B2BF8FA8A005BD747 /* Build configuration list for PBXNativeTarget "Nano 2 App New" */ = {
			isa = XCConfigurationList;
			buildConfigurations = (
				DA04272C2BF8FA8A005BD747 /* Debug */,
				DA04272D2BF8FA8A005BD747 /* Release */,
			);
			defaultConfigurationIsVisible = 0;
			defaultConfigurationName = Release;
		};
/* End XCConfigurationList section */
	};
	rootObject = DA0427152BF8FA89005BD747 /* Project object */;
}
